
Microsoft Visual Studio Solution File, Format Version 12.00
# Visual Studio 2013
VisualStudioVersion = 12.0.31101.0
MinimumVisualStudioVersion = 10.0.40219.1
Project("{8BC9CEB8-8B4A-11D0-8D11-00A0C91BC942}") = "VisualStudio", "VisualStudio\VisualStudio.vcxproj", "{5D912226-EB96-4B35-8702-8B2B420C4F9C}"
EndProject
Project("{8BC9CEB8-8B4A-11D0-8D11-00A0C91BC942}") = "Project1 - Template", "Project1 - Template\Project1 - Template.vcxproj", "{A3009F92-E08B-46ED-B37E-62A9B2A27F1D}"
EndProject
Project("{8BC9CEB8-8B4A-11D0-8D11-00A0C91BC942}") = "Project1 - template sort", "Project1 - template sort\Project1 - template sort.vcxproj", "{A74A59DA-AB38-4692-B904-EE49B4284F10}"
EndProject
Project("{8BC9CEB8-8B4A-11D0-8D11-00A0C91BC942}") = "Project1 - new hasmap", "Project1 - new hasmap\Project1 - new hasmap.vcxproj", "{C13A04E8-C21B-4AF1-99B0-A26311692C34}"
EndProject
Project("{8BC9CEB8-8B4A-11D0-8D11-00A0C91BC942}") = "Project1-List", "Project1-List\Project1-List.vcxproj", "{C5A5C1BF-2254-4068-AC9D-406A9C9A8BDC}"
EndProject
Project("{8BC9CEB8-8B4A-11D0-8D11-00A0C91BC942}") = "Project1 - HashMap", "Project1 - HashMap\Project1 - HashMap.vcxproj", "{F0891E8F-7277-40F1-B473-C42976E184B4}"
EndProject
Project("{8BC9CEB8-8B4A-11D0-8D11-00A0C91BC942}") = "List Implementation", "List Implementation\List Implementation.vcxproj", "{E92C0AF0-A666-4DAC-9D31-F20826CF0C12}"
EndProject
Project("{8BC9CEB8-8B4A-11D0-8D11-00A0C91BC942}") = "Map Implementation", "Map Implementation\Map Implementation.vcxproj", "{C24B06E6-165C-46AB-A74D-EC62C2287B0B}"
EndProject
Project("{8BC9CEB8-8B4A-11D0-8D11-00A0C91BC942}") = "Implementation - String", "Implementaion - String\Implementaion - String.vcxproj", "{32A744C5-481C-4210-B800-054F7027F081}"
EndProject
Project("{8BC9CEB8-8B4A-11D0-8D11-00A0C91BC942}") = "String2", "String2\String2.vcxproj", "{7CC38A0B-6B23-47EF-B08C-2394985ABDDF}"
EndProject
Project("{8BC9CEB8-8B4A-11D0-8D11-00A0C91BC942}") = "Stringimple", "Stringimple\Stringimple.vcxproj", "{BDF873D2-66B6-4822-9556-83290A603CDC}"
EndProject
Project("{8BC9CEB8-8B4A-11D0-8D11-00A0C91BC942}") = "fullstring", "fullstring\fullstring.vcxproj", "{061A8863-AC03-4961-8C08-6F28A99C7730}"
EndProject
Project("{8BC9CEB8-8B4A-11D0-8D11-00A0C91BC942}") = "Project1 - Dequeue", "Project1 - Dequeue\Project1 - Dequeue.vcxproj", "{6892EB69-3605-4B94-A03A-835E3FEFE803}"
EndProject
Project("{8BC9CEB8-8B4A-11D0-8D11-00A0C91BC942}") = "Project1-Hashdemo", "Project1-Hashdemo\Project1-Hashdemo.vcxproj", "{E5A1A292-0115-46CA-9C48-2E321DBECC29}"
EndProject
Project("{8BC9CEB8-8B4A-11D0-8D11-00A0C91BC942}") = "Project1 - function object", "Project1 - function object\Project1 - function object.vcxproj", "{97B9B34A-C7F3-4861-85F9-DB3A41D8E518}"
EndProject
Project("{8BC9CEB8-8B4A-11D0-8D11-00A0C91BC942}") = "Project1 - state functional object", "Project1 - state functional object\Project1 - state functional object.vcxproj", "{ECCE58D4-E040-4F03-BC40-A2E4EC2C841D}"
EndProject
Project("{8BC9CEB8-8B4A-11D0-8D11-00A0C91BC942}") = "Project1 - Binary func_operator", "Project1 - Binary func_operator\Project1 - Binary func_operator.vcxproj", "{98639C26-469F-457E-9834-7AA65E09927F}"
EndProject
Project("{8BC9CEB8-8B4A-11D0-8D11-00A0C91BC942}") = "Project1-Lambdaunary", "Project1-Lambdaunary\Project1-Lambdaunary.vcxproj", "{C8F881A7-3F41-4C24-B66D-D1505B8C0CEA}"
EndProject
Global
	GlobalSection(SolutionConfigurationPlatforms) = preSolution
		Debug|Win32 = Debug|Win32
		Release|Win32 = Release|Win32
	EndGlobalSection
	GlobalSection(ProjectConfigurationPlatforms) = postSolution
		{5D912226-EB96-4B35-8702-8B2B420C4F9C}.Debug|Win32.ActiveCfg = Debug|Win32
		{5D912226-EB96-4B35-8702-8B2B420C4F9C}.Debug|Win32.Build.0 = Debug|Win32
		{5D912226-EB96-4B35-8702-8B2B420C4F9C}.Release|Win32.ActiveCfg = Release|Win32
		{5D912226-EB96-4B35-8702-8B2B420C4F9C}.Release|Win32.Build.0 = Release|Win32
		{A3009F92-E08B-46ED-B37E-62A9B2A27F1D}.Debug|Win32.ActiveCfg = Debug|Win32
		{A3009F92-E08B-46ED-B37E-62A9B2A27F1D}.Debug|Win32.Build.0 = Debug|Win32
		{A3009F92-E08B-46ED-B37E-62A9B2A27F1D}.Release|Win32.ActiveCfg = Release|Win32
		{A3009F92-E08B-46ED-B37E-62A9B2A27F1D}.Release|Win32.Build.0 = Release|Win32
		{A74A59DA-AB38-4692-B904-EE49B4284F10}.Debug|Win32.ActiveCfg = Debug|Win32
		{A74A59DA-AB38-4692-B904-EE49B4284F10}.Debug|Win32.Build.0 = Debug|Win32
		{A74A59DA-AB38-4692-B904-EE49B4284F10}.Release|Win32.ActiveCfg = Release|Win32
		{A74A59DA-AB38-4692-B904-EE49B4284F10}.Release|Win32.Build.0 = Release|Win32
		{C13A04E8-C21B-4AF1-99B0-A26311692C34}.Debug|Win32.ActiveCfg = Debug|Win32
		{C13A04E8-C21B-4AF1-99B0-A26311692C34}.Debug|Win32.Build.0 = Debug|Win32
		{C13A04E8-C21B-4AF1-99B0-A26311692C34}.Release|Win32.ActiveCfg = Release|Win32
		{C13A04E8-C21B-4AF1-99B0-A26311692C34}.Release|Win32.Build.0 = Release|Win32
		{C5A5C1BF-2254-4068-AC9D-406A9C9A8BDC}.Debug|Win32.ActiveCfg = Debug|Win32
		{C5A5C1BF-2254-4068-AC9D-406A9C9A8BDC}.Debug|Win32.Build.0 = Debug|Win32
		{C5A5C1BF-2254-4068-AC9D-406A9C9A8BDC}.Release|Win32.ActiveCfg = Release|Win32
		{C5A5C1BF-2254-4068-AC9D-406A9C9A8BDC}.Release|Win32.Build.0 = Release|Win32
		{F0891E8F-7277-40F1-B473-C42976E184B4}.Debug|Win32.ActiveCfg = Debug|Win32
		{F0891E8F-7277-40F1-B473-C42976E184B4}.Debug|Win32.Build.0 = Debug|Win32
		{F0891E8F-7277-40F1-B473-C42976E184B4}.Release|Win32.ActiveCfg = Release|Win32
		{F0891E8F-7277-40F1-B473-C42976E184B4}.Release|Win32.Build.0 = Release|Win32
		{E92C0AF0-A666-4DAC-9D31-F20826CF0C12}.Debug|Win32.ActiveCfg = Debug|Win32
		{E92C0AF0-A666-4DAC-9D31-F20826CF0C12}.Debug|Win32.Build.0 = Debug|Win32
		{E92C0AF0-A666-4DAC-9D31-F20826CF0C12}.Release|Win32.ActiveCfg = Release|Win32
		{E92C0AF0-A666-4DAC-9D31-F20826CF0C12}.Release|Win32.Build.0 = Release|Win32
		{C24B06E6-165C-46AB-A74D-EC62C2287B0B}.Debug|Win32.ActiveCfg = Debug|Win32
		{C24B06E6-165C-46AB-A74D-EC62C2287B0B}.Debug|Win32.Build.0 = Debug|Win32
		{C24B06E6-165C-46AB-A74D-EC62C2287B0B}.Release|Win32.ActiveCfg = Release|Win32
		{C24B06E6-165C-46AB-A74D-EC62C2287B0B}.Release|Win32.Build.0 = Release|Win32
		{32A744C5-481C-4210-B800-054F7027F081}.Debug|Win32.ActiveCfg = Debug|Win32
		{32A744C5-481C-4210-B800-054F7027F081}.Debug|Win32.Build.0 = Debug|Win32
		{32A744C5-481C-4210-B800-054F7027F081}.Release|Win32.ActiveCfg = Release|Win32
		{32A744C5-481C-4210-B800-054F7027F081}.Release|Win32.Build.0 = Release|Win32
		{7CC38A0B-6B23-47EF-B08C-2394985ABDDF}.Debug|Win32.ActiveCfg = Debug|Win32
		{7CC38A0B-6B23-47EF-B08C-2394985ABDDF}.Debug|Win32.Build.0 = Debug|Win32
		{7CC38A0B-6B23-47EF-B08C-2394985ABDDF}.Release|Win32.ActiveCfg = Release|Win32
		{7CC38A0B-6B23-47EF-B08C-2394985ABDDF}.Release|Win32.Build.0 = Release|Win32
		{BDF873D2-66B6-4822-9556-83290A603CDC}.Debug|Win32.ActiveCfg = Debug|Win32
		{BDF873D2-66B6-4822-9556-83290A603CDC}.Debug|Win32.Build.0 = Debug|Win32
		{BDF873D2-66B6-4822-9556-83290A603CDC}.Release|Win32.ActiveCfg = Release|Win32
		{BDF873D2-66B6-4822-9556-83290A603CDC}.Release|Win32.Build.0 = Release|Win32
		{061A8863-AC03-4961-8C08-6F28A99C7730}.Debug|Win32.ActiveCfg = Debug|Win32
		{061A8863-AC03-4961-8C08-6F28A99C7730}.Debug|Win32.Build.0 = Debug|Win32
		{061A8863-AC03-4961-8C08-6F28A99C7730}.Release|Win32.ActiveCfg = Release|Win32
		{061A8863-AC03-4961-8C08-6F28A99C7730}.Release|Win32.Build.0 = Release|Win32
		{6892EB69-3605-4B94-A03A-835E3FEFE803}.Debug|Win32.ActiveCfg = Debug|Win32
		{6892EB69-3605-4B94-A03A-835E3FEFE803}.Debug|Win32.Build.0 = Debug|Win32
		{6892EB69-3605-4B94-A03A-835E3FEFE803}.Release|Win32.ActiveCfg = Release|Win32
		{6892EB69-3605-4B94-A03A-835E3FEFE803}.Release|Win32.Build.0 = Release|Win32
		{E5A1A292-0115-46CA-9C48-2E321DBECC29}.Debug|Win32.ActiveCfg = Debug|Win32
		{E5A1A292-0115-46CA-9C48-2E321DBECC29}.Debug|Win32.Build.0 = Debug|Win32
		{E5A1A292-0115-46CA-9C48-2E321DBECC29}.Release|Win32.ActiveCfg = Release|Win32
		{E5A1A292-0115-46CA-9C48-2E321DBECC29}.Release|Win32.Build.0 = Release|Win32
		{97B9B34A-C7F3-4861-85F9-DB3A41D8E518}.Debug|Win32.ActiveCfg = Debug|Win32
		{97B9B34A-C7F3-4861-85F9-DB3A41D8E518}.Debug|Win32.Build.0 = Debug|Win32
		{97B9B34A-C7F3-4861-85F9-DB3A41D8E518}.Release|Win32.ActiveCfg = Release|Win32
		{97B9B34A-C7F3-4861-85F9-DB3A41D8E518}.Release|Win32.Build.0 = Release|Win32
		{ECCE58D4-E040-4F03-BC40-A2E4EC2C841D}.Debug|Win32.ActiveCfg = Debug|Win32
		{ECCE58D4-E040-4F03-BC40-A2E4EC2C841D}.Debug|Win32.Build.0 = Debug|Win32
		{ECCE58D4-E040-4F03-BC40-A2E4EC2C841D}.Release|Win32.ActiveCfg = Release|Win32
		{ECCE58D4-E040-4F03-BC40-A2E4EC2C841D}.Release|Win32.Build.0 = Release|Win32
		{98639C26-469F-457E-9834-7AA65E09927F}.Debug|Win32.ActiveCfg = Debug|Win32
		{98639C26-469F-457E-9834-7AA65E09927F}.Debug|Win32.Build.0 = Debug|Win32
		{98639C26-469F-457E-9834-7AA65E09927F}.Release|Win32.ActiveCfg = Release|Win32
		{98639C26-469F-457E-9834-7AA65E09927F}.Release|Win32.Build.0 = Release|Win32
		{C8F881A7-3F41-4C24-B66D-D1505B8C0CEA}.Debug|Win32.ActiveCfg = Debug|Win32
		{C8F881A7-3F41-4C24-B66D-D1505B8C0CEA}.Debug|Win32.Build.0 = Debug|Win32
		{C8F881A7-3F41-4C24-B66D-D1505B8C0CEA}.Release|Win32.ActiveCfg = Release|Win32
		{C8F881A7-3F41-4C24-B66D-D1505B8C0CEA}.Release|Win32.Build.0 = Release|Win32
	EndGlobalSection
	GlobalSection(SolutionProperties) = preSolution
		HideSolutionNode = FALSE
	EndGlobalSection
EndGlobal
